
Microsoft Visual Studio Solution File, Format Version 12.00
# Visual Studio 15
VisualStudioVersion = 15.0.28307.271
MinimumVisualStudioVersion = 10.0.40219.1
Project("{FAE04EC0-301F-11D3-BF4B-00C04F79EFBC}") = "ConsoleApplication1", "ConsoleApplication1\ConsoleApplication1.csproj", "{D018C625-6084-4252-8E8C-17EDB69348D0}"
EndProject
Project("{FAE04EC0-301F-11D3-BF4B-00C04F79EFBC}") = "ConsoleApplication1.UnitTest", "ConsoleApplication1.UnitTest\ConsoleApplication1.UnitTest.csproj", "{861FBC82-82BD-44B4-BDCB-C182F1D2BBA0}"
EndProject
Global
	GlobalSection(SolutionConfigurationPlatforms) = preSolution
		Debug|Any CPU = Debug|Any CPU
		Release|Any CPU = Release|Any CPU
	EndGlobalSection
	GlobalSection(ProjectConfigurationPlatforms) = postSolution
		{D018C625-6084-4252-8E8C-17EDB69348D0}.Debug|Any CPU.ActiveCfg = Debug|Any CPU
		{D018C625-6084-4252-8E8C-17EDB69348D0}.Debug|Any CPU.Build.0 = Debug|Any CPU
		{D018C625-6084-4252-8E8C-17EDB69348D0}.Release|Any CPU.ActiveCfg = Release|Any CPU
		{D018C625-6084-4252-8E8C-17EDB69348D0}.Release|Any CPU.Build.0 = Release|Any CPU
		{861FBC82-82BD-44B4-BDCB-C182F1D2BBA0}.Debug|Any CPU.ActiveCfg = Debug|Any CPU
		{861FBC82-82BD-44B4-BDCB-C182F1D2BBA0}.Debug|Any CPU.Build.0 = Debug|Any CPU
		{861FBC82-82BD-44B4-BDCB-C182F1D2BBA0}.Release|Any CPU.ActiveCfg = Release|Any CPU
		{861FBC82-82BD-44B4-BDCB-C182F1D2BBA0}.Release|Any CPU.Build.0 = Release|Any CPU
	EndGlobalSection
	GlobalSection(SolutionProperties) = preSolution
		HideSolutionNode = FALSE
	EndGlobalSection
	GlobalSection(ExtensibilityGlobals) = postSolution
		SolutionGuid = {1A631090-43BB-488A-9496-E039A0B272EE}
	EndGlobalSection
EndGlobal
