
Microsoft Visual Studio Solution File, Format Version 12.00
# Visual Studio 15
VisualStudioVersion = 15.0.28307.271
MinimumVisualStudioVersion = 10.0.40219.1
Project("{FAE04EC0-301F-11D3-BF4B-00C04F79EFBC}") = "Sprout", "Sprout\Sprout.csproj", "{284E7A77-D1EA-4D06-A074-97918771E9A3}"
EndProject
Global
	GlobalSection(SolutionConfigurationPlatforms) = preSolution
		Debug|Any CPU = Debug|Any CPU
		Release|Any CPU = Release|Any CPU
	EndGlobalSection
	GlobalSection(ProjectConfigurationPlatforms) = postSolution
		{284E7A77-D1EA-4D06-A074-97918771E9A3}.Debug|Any CPU.ActiveCfg = Debug|Any CPU
		{284E7A77-D1EA-4D06-A074-97918771E9A3}.Debug|Any CPU.Build.0 = Debug|Any CPU
		{284E7A77-D1EA-4D06-A074-97918771E9A3}.Release|Any CPU.ActiveCfg = Release|Any CPU
		{284E7A77-D1EA-4D06-A074-97918771E9A3}.Release|Any CPU.Build.0 = Release|Any CPU
	EndGlobalSection
	GlobalSection(SolutionProperties) = preSolution
		HideSolutionNode = FALSE
	EndGlobalSection
	GlobalSection(ExtensibilityGlobals) = postSolution
		SolutionGuid = {BF07587F-C0DF-49FF-A547-BD43B1487A36}
	EndGlobalSection
EndGlobal
